
Microsoft Visual Studio Solution File, Format Version 12.00
# Visual Studio Version 16
VisualStudioVersion = 16.0.29613.14
MinimumVisualStudioVersion = 10.0.40219.1
Project("{FAE04EC0-301F-11D3-BF4B-00C04F79EFBC}") = "FlavioJosefo", "FlavioJosefo\FlavioJosefo.csproj", "{5D3E2D3F-C531-4ACA-9632-C80429953C49}"
EndProject
Global
	GlobalSection(SolutionConfigurationPlatforms) = preSolution
		Debug|Any CPU = Debug|Any CPU
		Release|Any CPU = Release|Any CPU
	EndGlobalSection
	GlobalSection(ProjectConfigurationPlatforms) = postSolution
		{5D3E2D3F-C531-4ACA-9632-C80429953C49}.Debug|Any CPU.ActiveCfg = Debug|Any CPU
		{5D3E2D3F-C531-4ACA-9632-C80429953C49}.Debug|Any CPU.Build.0 = Debug|Any CPU
		{5D3E2D3F-C531-4ACA-9632-C80429953C49}.Release|Any CPU.ActiveCfg = Release|Any CPU
		{5D3E2D3F-C531-4ACA-9632-C80429953C49}.Release|Any CPU.Build.0 = Release|Any CPU
	EndGlobalSection
	GlobalSection(SolutionProperties) = preSolution
		HideSolutionNode = FALSE
	EndGlobalSection
	GlobalSection(ExtensibilityGlobals) = postSolution
		SolutionGuid = {B10D3330-AF27-4851-AE6F-92DC20B63C81}
	EndGlobalSection
EndGlobal
